
Microsoft Visual Studio Solution File, Format Version 12.00
Project("{FAE04EC0-301F-11D3-BF4B-00C04F79EFBC}") = "User.DataAccess", "matchMaker.Services\User\User.DataAccess\User.DataAccess.csproj", "{58183293-6ABC-48D5-845F-A642236DDA85}"
EndProject
Project("{FAE04EC0-301F-11D3-BF4B-00C04F79EFBC}") = "User.BusinessLogic", "matchMaker.Services\User\User.BusinessLogic\User.BusinessLogic.csproj", "{371D2FB2-7FBD-494E-989C-8C6F3D2C5397}"
EndProject
Project("{FAE04EC0-301F-11D3-BF4B-00C04F79EFBC}") = "User.API", "matchMaker.Services\User\User.API\User.API.csproj", "{7FB2BBF2-DA6E-4B7D-8111-0F7047158AFA}"
EndProject
Project("{2150E333-8FDC-42A3-9474-1A3956D46DE8}") = "Solution Items", "Solution Items", "{6CFB721C-9557-43FB-9855-FFE93A6C25D3}"
	ProjectSection(SolutionItems) = preProject
		docker-compose.yml = docker-compose.yml
	EndProjectSection
EndProject
Project("{2150E333-8FDC-42A3-9474-1A3956D46DE8}") = "User", "User", "{00AFA044-2691-419C-B597-BE0185F9969E}"
EndProject
Project("{2150E333-8FDC-42A3-9474-1A3956D46DE8}") = "Common", "Common", "{0E42A0B5-0D60-48A1-BE16-05E192E0914B}"
EndProject
Project("{FAE04EC0-301F-11D3-BF4B-00C04F79EFBC}") = "Common", "matchMaker.Services\Common\Common\Common.csproj", "{D9CD485E-3286-4932-B97A-0BD77E1CE898}"
EndProject
Project("{FAE04EC0-301F-11D3-BF4B-00C04F79EFBC}") = "ApiGateway.Ocelot", "matchMaker.ApiGateway\ApiGateway.Ocelot\ApiGateway.Ocelot.csproj", "{970C608E-A3C3-4F9D-9578-14D9357B3931}"
EndProject
Project("{2150E333-8FDC-42A3-9474-1A3956D46DE8}") = "Profile", "Profile", "{BA590974-E732-4BB1-AA44-C85CBEEA43AD}"
EndProject
Project("{FAE04EC0-301F-11D3-BF4B-00C04F79EFBC}") = "Profile.API", "matchMaker.Services\Profile\Profile.API\Profile.API.csproj", "{06B01614-CD61-4097-94DA-500DCCF222FF}"
EndProject
Project("{FAE04EC0-301F-11D3-BF4B-00C04F79EFBC}") = "Profile.BusinessLogic", "matchMaker.Services\Profile\Profile.BusinessLogic\Profile.BusinessLogic.csproj", "{08B5BFEC-7423-4D53-992B-86F0EDAC86B6}"
EndProject
Project("{FAE04EC0-301F-11D3-BF4B-00C04F79EFBC}") = "Profile.DataAccess", "matchMaker.Services\Profile\Profile.DataAccess\Profile.DataAccess.csproj", "{9FCA2B28-6102-4E67-86D7-EAFEF6F08940}"
EndProject
Project("{FAE04EC0-301F-11D3-BF4B-00C04F79EFBC}") = "MessageQueue", "matchMaker.Services\Common\MessageQueue\MessageQueue.csproj", "{6A71C49A-16E0-4959-8BD2-ADE82AF1665C}"
EndProject
Project("{2150E333-8FDC-42A3-9474-1A3956D46DE8}") = "Match", "Match", "{A9D359B9-332A-483E-84E2-1D0871429398}"
EndProject
Project("{FAE04EC0-301F-11D3-BF4B-00C04F79EFBC}") = "Match.DataAccess", "matchMaker.Services\Match\Match.DataAccess\Match.DataAccess.csproj", "{17B553A2-7268-4DD2-9CF8-E4A034550882}"
EndProject
Project("{FAE04EC0-301F-11D3-BF4B-00C04F79EFBC}") = "Match.BusinessLogic", "matchMaker.Services\Match\Match.BusinessLogic\Match.BusinessLogic.csproj", "{CDD61DA5-0BE1-427B-BAC3-255DA55B7E38}"
EndProject
Project("{FAE04EC0-301F-11D3-BF4B-00C04F79EFBC}") = "Match.API", "matchMaker.Services\Match\Match.API\Match.API.csproj", "{3861DD3B-2250-4B3B-9B4B-EE056D4AE4DF}"
EndProject
Project("{FAE04EC0-301F-11D3-BF4B-00C04F79EFBC}") = "Profile.Client", "matchMaker.Services\Profile\Profile.Client\Profile.Client.csproj", "{770084E6-CEA2-419C-B6FA-C5AD4759B0ED}"
EndProject
Project("{2150E333-8FDC-42A3-9474-1A3956D46DE8}") = "Tests", "Tests", "{A9066EEF-5475-4D93-9DB9-593E20AEC91D}"
EndProject
Project("{FAE04EC0-301F-11D3-BF4B-00C04F79EFBC}") = "User.UnitTests", "User.UnitTests\User.UnitTests.csproj", "{BB9F3E6D-2400-48D0-A6C4-FC7D5A384C1C}"
EndProject
Project("{FAE04EC0-301F-11D3-BF4B-00C04F79EFBC}") = "Profile.UnitTests", "Profile.UnitTests\Profile.UnitTests.csproj", "{5E87B53F-A19B-45E9-ADA5-A1E7B266DF97}"
EndProject
Project("{FAE04EC0-301F-11D3-BF4B-00C04F79EFBC}") = "Match.UnitTests", "Match.UnitTests\Match.UnitTests.csproj", "{C5F82EFB-9FBE-4E73-999C-09E7ADA8634C}"
EndProject
Global
	GlobalSection(SolutionConfigurationPlatforms) = preSolution
		Debug|Any CPU = Debug|Any CPU
		Release|Any CPU = Release|Any CPU
	EndGlobalSection
	GlobalSection(ProjectConfigurationPlatforms) = postSolution
		{58183293-6ABC-48D5-845F-A642236DDA85}.Debug|Any CPU.ActiveCfg = Debug|Any CPU
		{58183293-6ABC-48D5-845F-A642236DDA85}.Debug|Any CPU.Build.0 = Debug|Any CPU
		{58183293-6ABC-48D5-845F-A642236DDA85}.Release|Any CPU.ActiveCfg = Release|Any CPU
		{58183293-6ABC-48D5-845F-A642236DDA85}.Release|Any CPU.Build.0 = Release|Any CPU
		{371D2FB2-7FBD-494E-989C-8C6F3D2C5397}.Debug|Any CPU.ActiveCfg = Debug|Any CPU
		{371D2FB2-7FBD-494E-989C-8C6F3D2C5397}.Debug|Any CPU.Build.0 = Debug|Any CPU
		{371D2FB2-7FBD-494E-989C-8C6F3D2C5397}.Release|Any CPU.ActiveCfg = Release|Any CPU
		{371D2FB2-7FBD-494E-989C-8C6F3D2C5397}.Release|Any CPU.Build.0 = Release|Any CPU
		{7FB2BBF2-DA6E-4B7D-8111-0F7047158AFA}.Debug|Any CPU.ActiveCfg = Debug|Any CPU
		{7FB2BBF2-DA6E-4B7D-8111-0F7047158AFA}.Debug|Any CPU.Build.0 = Debug|Any CPU
		{7FB2BBF2-DA6E-4B7D-8111-0F7047158AFA}.Release|Any CPU.ActiveCfg = Release|Any CPU
		{7FB2BBF2-DA6E-4B7D-8111-0F7047158AFA}.Release|Any CPU.Build.0 = Release|Any CPU
		{D9CD485E-3286-4932-B97A-0BD77E1CE898}.Debug|Any CPU.ActiveCfg = Debug|Any CPU
		{D9CD485E-3286-4932-B97A-0BD77E1CE898}.Debug|Any CPU.Build.0 = Debug|Any CPU
		{D9CD485E-3286-4932-B97A-0BD77E1CE898}.Release|Any CPU.ActiveCfg = Release|Any CPU
		{D9CD485E-3286-4932-B97A-0BD77E1CE898}.Release|Any CPU.Build.0 = Release|Any CPU
		{970C608E-A3C3-4F9D-9578-14D9357B3931}.Debug|Any CPU.ActiveCfg = Debug|Any CPU
		{970C608E-A3C3-4F9D-9578-14D9357B3931}.Debug|Any CPU.Build.0 = Debug|Any CPU
		{970C608E-A3C3-4F9D-9578-14D9357B3931}.Release|Any CPU.ActiveCfg = Release|Any CPU
		{970C608E-A3C3-4F9D-9578-14D9357B3931}.Release|Any CPU.Build.0 = Release|Any CPU
		{06B01614-CD61-4097-94DA-500DCCF222FF}.Debug|Any CPU.ActiveCfg = Debug|Any CPU
		{06B01614-CD61-4097-94DA-500DCCF222FF}.Debug|Any CPU.Build.0 = Debug|Any CPU
		{06B01614-CD61-4097-94DA-500DCCF222FF}.Release|Any CPU.ActiveCfg = Release|Any CPU
		{06B01614-CD61-4097-94DA-500DCCF222FF}.Release|Any CPU.Build.0 = Release|Any CPU
		{08B5BFEC-7423-4D53-992B-86F0EDAC86B6}.Debug|Any CPU.ActiveCfg = Debug|Any CPU
		{08B5BFEC-7423-4D53-992B-86F0EDAC86B6}.Debug|Any CPU.Build.0 = Debug|Any CPU
		{08B5BFEC-7423-4D53-992B-86F0EDAC86B6}.Release|Any CPU.ActiveCfg = Release|Any CPU
		{08B5BFEC-7423-4D53-992B-86F0EDAC86B6}.Release|Any CPU.Build.0 = Release|Any CPU
		{9FCA2B28-6102-4E67-86D7-EAFEF6F08940}.Debug|Any CPU.ActiveCfg = Debug|Any CPU
		{9FCA2B28-6102-4E67-86D7-EAFEF6F08940}.Debug|Any CPU.Build.0 = Debug|Any CPU
		{9FCA2B28-6102-4E67-86D7-EAFEF6F08940}.Release|Any CPU.ActiveCfg = Release|Any CPU
		{9FCA2B28-6102-4E67-86D7-EAFEF6F08940}.Release|Any CPU.Build.0 = Release|Any CPU
		{6A71C49A-16E0-4959-8BD2-ADE82AF1665C}.Debug|Any CPU.ActiveCfg = Debug|Any CPU
		{6A71C49A-16E0-4959-8BD2-ADE82AF1665C}.Debug|Any CPU.Build.0 = Debug|Any CPU
		{6A71C49A-16E0-4959-8BD2-ADE82AF1665C}.Release|Any CPU.ActiveCfg = Release|Any CPU
		{6A71C49A-16E0-4959-8BD2-ADE82AF1665C}.Release|Any CPU.Build.0 = Release|Any CPU
		{17B553A2-7268-4DD2-9CF8-E4A034550882}.Debug|Any CPU.ActiveCfg = Debug|Any CPU
		{17B553A2-7268-4DD2-9CF8-E4A034550882}.Debug|Any CPU.Build.0 = Debug|Any CPU
		{17B553A2-7268-4DD2-9CF8-E4A034550882}.Release|Any CPU.ActiveCfg = Release|Any CPU
		{17B553A2-7268-4DD2-9CF8-E4A034550882}.Release|Any CPU.Build.0 = Release|Any CPU
		{CDD61DA5-0BE1-427B-BAC3-255DA55B7E38}.Debug|Any CPU.ActiveCfg = Debug|Any CPU
		{CDD61DA5-0BE1-427B-BAC3-255DA55B7E38}.Debug|Any CPU.Build.0 = Debug|Any CPU
		{CDD61DA5-0BE1-427B-BAC3-255DA55B7E38}.Release|Any CPU.ActiveCfg = Release|Any CPU
		{CDD61DA5-0BE1-427B-BAC3-255DA55B7E38}.Release|Any CPU.Build.0 = Release|Any CPU
		{3861DD3B-2250-4B3B-9B4B-EE056D4AE4DF}.Debug|Any CPU.ActiveCfg = Debug|Any CPU
		{3861DD3B-2250-4B3B-9B4B-EE056D4AE4DF}.Debug|Any CPU.Build.0 = Debug|Any CPU
		{3861DD3B-2250-4B3B-9B4B-EE056D4AE4DF}.Release|Any CPU.ActiveCfg = Release|Any CPU
		{3861DD3B-2250-4B3B-9B4B-EE056D4AE4DF}.Release|Any CPU.Build.0 = Release|Any CPU
		{770084E6-CEA2-419C-B6FA-C5AD4759B0ED}.Debug|Any CPU.ActiveCfg = Debug|Any CPU
		{770084E6-CEA2-419C-B6FA-C5AD4759B0ED}.Debug|Any CPU.Build.0 = Debug|Any CPU
		{770084E6-CEA2-419C-B6FA-C5AD4759B0ED}.Release|Any CPU.ActiveCfg = Release|Any CPU
		{770084E6-CEA2-419C-B6FA-C5AD4759B0ED}.Release|Any CPU.Build.0 = Release|Any CPU
		{BB9F3E6D-2400-48D0-A6C4-FC7D5A384C1C}.Debug|Any CPU.ActiveCfg = Debug|Any CPU
		{BB9F3E6D-2400-48D0-A6C4-FC7D5A384C1C}.Debug|Any CPU.Build.0 = Debug|Any CPU
		{BB9F3E6D-2400-48D0-A6C4-FC7D5A384C1C}.Release|Any CPU.ActiveCfg = Release|Any CPU
		{BB9F3E6D-2400-48D0-A6C4-FC7D5A384C1C}.Release|Any CPU.Build.0 = Release|Any CPU
		{5E87B53F-A19B-45E9-ADA5-A1E7B266DF97}.Debug|Any CPU.ActiveCfg = Debug|Any CPU
		{5E87B53F-A19B-45E9-ADA5-A1E7B266DF97}.Debug|Any CPU.Build.0 = Debug|Any CPU
		{5E87B53F-A19B-45E9-ADA5-A1E7B266DF97}.Release|Any CPU.ActiveCfg = Release|Any CPU
		{5E87B53F-A19B-45E9-ADA5-A1E7B266DF97}.Release|Any CPU.Build.0 = Release|Any CPU
		{C5F82EFB-9FBE-4E73-999C-09E7ADA8634C}.Debug|Any CPU.ActiveCfg = Debug|Any CPU
		{C5F82EFB-9FBE-4E73-999C-09E7ADA8634C}.Debug|Any CPU.Build.0 = Debug|Any CPU
		{C5F82EFB-9FBE-4E73-999C-09E7ADA8634C}.Release|Any CPU.ActiveCfg = Release|Any CPU
		{C5F82EFB-9FBE-4E73-999C-09E7ADA8634C}.Release|Any CPU.Build.0 = Release|Any CPU
	EndGlobalSection
	GlobalSection(NestedProjects) = preSolution
		{7FB2BBF2-DA6E-4B7D-8111-0F7047158AFA} = {00AFA044-2691-419C-B597-BE0185F9969E}
		{371D2FB2-7FBD-494E-989C-8C6F3D2C5397} = {00AFA044-2691-419C-B597-BE0185F9969E}
		{58183293-6ABC-48D5-845F-A642236DDA85} = {00AFA044-2691-419C-B597-BE0185F9969E}
		{D9CD485E-3286-4932-B97A-0BD77E1CE898} = {0E42A0B5-0D60-48A1-BE16-05E192E0914B}
		{06B01614-CD61-4097-94DA-500DCCF222FF} = {BA590974-E732-4BB1-AA44-C85CBEEA43AD}
		{08B5BFEC-7423-4D53-992B-86F0EDAC86B6} = {BA590974-E732-4BB1-AA44-C85CBEEA43AD}
		{9FCA2B28-6102-4E67-86D7-EAFEF6F08940} = {BA590974-E732-4BB1-AA44-C85CBEEA43AD}
		{6A71C49A-16E0-4959-8BD2-ADE82AF1665C} = {0E42A0B5-0D60-48A1-BE16-05E192E0914B}
		{17B553A2-7268-4DD2-9CF8-E4A034550882} = {A9D359B9-332A-483E-84E2-1D0871429398}
		{CDD61DA5-0BE1-427B-BAC3-255DA55B7E38} = {A9D359B9-332A-483E-84E2-1D0871429398}
		{3861DD3B-2250-4B3B-9B4B-EE056D4AE4DF} = {A9D359B9-332A-483E-84E2-1D0871429398}
		{770084E6-CEA2-419C-B6FA-C5AD4759B0ED} = {BA590974-E732-4BB1-AA44-C85CBEEA43AD}
		{BB9F3E6D-2400-48D0-A6C4-FC7D5A384C1C} = {A9066EEF-5475-4D93-9DB9-593E20AEC91D}
		{5E87B53F-A19B-45E9-ADA5-A1E7B266DF97} = {A9066EEF-5475-4D93-9DB9-593E20AEC91D}
		{C5F82EFB-9FBE-4E73-999C-09E7ADA8634C} = {A9066EEF-5475-4D93-9DB9-593E20AEC91D}
	EndGlobalSection
EndGlobal
